
Microsoft Visual Studio Solution File, Format Version 11.00
# Visual C# Express 2010
Project("{FAE04EC0-301F-11D3-BF4B-00C04F79EFBC}") = "Brainfuck", "Brainfuck\Brainfuck.csproj", "{EE1893A6-9311-43DC-8EC0-71A54B1B916C}"
EndProject
Global
	GlobalSection(SolutionConfigurationPlatforms) = preSolution
		Debug|x86 = Debug|x86
		Release|x86 = Release|x86
	EndGlobalSection
	GlobalSection(ProjectConfigurationPlatforms) = postSolution
		{EE1893A6-9311-43DC-8EC0-71A54B1B916C}.Debug|x86.ActiveCfg = Debug|x86
		{EE1893A6-9311-43DC-8EC0-71A54B1B916C}.Debug|x86.Build.0 = Debug|x86
		{EE1893A6-9311-43DC-8EC0-71A54B1B916C}.Release|x86.ActiveCfg = Release|x86
		{EE1893A6-9311-43DC-8EC0-71A54B1B916C}.Release|x86.Build.0 = Release|x86
	EndGlobalSection
	GlobalSection(SolutionProperties) = preSolution
		HideSolutionNode = FALSE
	EndGlobalSection
EndGlobal
